
Microsoft Visual Studio Solution File, Format Version 12.00
# Visual Studio 14
VisualStudioVersion = 14.0.25123.0
MinimumVisualStudioVersion = 10.0.40219.1
Project("{FAE04EC0-301F-11D3-BF4B-00C04F79EFBC}") = "InterfaceValidation", "InterfaceValidation\InterfaceValidation.csproj", "{F413CF04-497D-49C0-A0D2-EE186F1BE778}"
EndProject
Project("{FAE04EC0-301F-11D3-BF4B-00C04F79EFBC}") = "InterfaceValidation.Tests", "InterfaceValidation.Tests\InterfaceValidation.Tests.csproj", "{34968F94-750C-4395-B45F-1E8BCCC9AEC8}"
EndProject
Global
	GlobalSection(SolutionConfigurationPlatforms) = preSolution
		Debug|Any CPU = Debug|Any CPU
		Release|Any CPU = Release|Any CPU
	EndGlobalSection
	GlobalSection(ProjectConfigurationPlatforms) = postSolution
		{F413CF04-497D-49C0-A0D2-EE186F1BE778}.Debug|Any CPU.ActiveCfg = Debug|Any CPU
		{F413CF04-497D-49C0-A0D2-EE186F1BE778}.Debug|Any CPU.Build.0 = Debug|Any CPU
		{F413CF04-497D-49C0-A0D2-EE186F1BE778}.Release|Any CPU.ActiveCfg = Release|Any CPU
		{F413CF04-497D-49C0-A0D2-EE186F1BE778}.Release|Any CPU.Build.0 = Release|Any CPU
		{34968F94-750C-4395-B45F-1E8BCCC9AEC8}.Debug|Any CPU.ActiveCfg = Debug|Any CPU
		{34968F94-750C-4395-B45F-1E8BCCC9AEC8}.Debug|Any CPU.Build.0 = Debug|Any CPU
		{34968F94-750C-4395-B45F-1E8BCCC9AEC8}.Release|Any CPU.ActiveCfg = Release|Any CPU
		{34968F94-750C-4395-B45F-1E8BCCC9AEC8}.Release|Any CPU.Build.0 = Release|Any CPU
	EndGlobalSection
	GlobalSection(SolutionProperties) = preSolution
		HideSolutionNode = FALSE
	EndGlobalSection
EndGlobal
